
Microsoft Visual Studio Solution File, Format Version 12.00
# Visual Studio Express 2012 for Web
Project("{FAE04EC0-301F-11D3-BF4B-00C04F79EFBC}") = "Mvc4TemplateApp", "Mvc4TemplateApp\Mvc4TemplateApp.csproj", "{4E789230-A43F-4BEA-A23A-012D22F6CDEB}"
EndProject
Project("{FAE04EC0-301F-11D3-BF4B-00C04F79EFBC}") = "Mvc4TemplateApp.Tests", "Mvc4TemplateApp.Tests\Mvc4TemplateApp.Tests.csproj", "{862EB81E-4296-4B1E-ABC0-6574C52D75E9}"
EndProject
Global
	GlobalSection(SolutionConfigurationPlatforms) = preSolution
		Debug|Any CPU = Debug|Any CPU
		Release|Any CPU = Release|Any CPU
	EndGlobalSection
	GlobalSection(ProjectConfigurationPlatforms) = postSolution
		{4E789230-A43F-4BEA-A23A-012D22F6CDEB}.Debug|Any CPU.ActiveCfg = Debug|Any CPU
		{4E789230-A43F-4BEA-A23A-012D22F6CDEB}.Debug|Any CPU.Build.0 = Debug|Any CPU
		{4E789230-A43F-4BEA-A23A-012D22F6CDEB}.Release|Any CPU.ActiveCfg = Release|Any CPU
		{4E789230-A43F-4BEA-A23A-012D22F6CDEB}.Release|Any CPU.Build.0 = Release|Any CPU
		{862EB81E-4296-4B1E-ABC0-6574C52D75E9}.Debug|Any CPU.ActiveCfg = Debug|Any CPU
		{862EB81E-4296-4B1E-ABC0-6574C52D75E9}.Debug|Any CPU.Build.0 = Debug|Any CPU
		{862EB81E-4296-4B1E-ABC0-6574C52D75E9}.Release|Any CPU.ActiveCfg = Release|Any CPU
		{862EB81E-4296-4B1E-ABC0-6574C52D75E9}.Release|Any CPU.Build.0 = Release|Any CPU
	EndGlobalSection
	GlobalSection(SolutionProperties) = preSolution
		HideSolutionNode = FALSE
	EndGlobalSection
EndGlobal
